# This is a Gradle generated file for dependency locking.
# Manual edits can break the build and are not advised.
# This file is expected to be part of source control.
androidx.activity:activity-ktx:1.7.1
androidx.activity:activity:1.7.1
androidx.annotation:annotation-experimental:1.3.0
androidx.annotation:annotation:1.2.0
androidx.arch.core:core-common:2.2.0
androidx.arch.core:core-runtime:2.2.0
androidx.asynclayoutinflater:asynclayoutinflater:1.0.0
androidx.browser:browser:1.4.0
androidx.collection:collection:1.1.0
androidx.concurrent:concurrent-futures:1.1.0
androidx.coordinatorlayout:coordinatorlayout:1.0.0
androidx.core:core-ktx:1.9.0
androidx.core:core:1.9.0
androidx.cursoradapter:cursoradapter:1.0.0
androidx.customview:customview:1.0.0
androidx.datastore:datastore-core:1.0.0
androidx.datastore:datastore:1.0.0
androidx.documentfile:documentfile:1.0.0
androidx.drawerlayout:drawerlayout:1.0.0
androidx.fragment:fragment:1.0.0
androidx.interpolator:interpolator:1.0.0
androidx.legacy:legacy-support-core-ui:1.0.0
androidx.legacy:legacy-support-core-utils:1.0.0
androidx.lifecycle:lifecycle-common:2.6.1
androidx.lifecycle:lifecycle-extensions:2.0.0
androidx.lifecycle:lifecycle-livedata-core:2.6.1
androidx.lifecycle:lifecycle-livedata:2.6.1
androidx.lifecycle:lifecycle-process:2.6.1
androidx.lifecycle:lifecycle-runtime-ktx:2.6.1
androidx.lifecycle:lifecycle-runtime:2.6.1
androidx.lifecycle:lifecycle-service:2.6.1
androidx.lifecycle:lifecycle-viewmodel-ktx:2.6.1
androidx.lifecycle:lifecycle-viewmodel-savedstate:2.6.1
androidx.lifecycle:lifecycle-viewmodel:2.6.1
androidx.loader:loader:1.0.0
androidx.localbroadcastmanager:localbroadcastmanager:1.0.0
androidx.print:print:1.0.0
androidx.profileinstaller:profileinstaller:1.3.0
androidx.room:room-common:2.2.5
androidx.room:room-runtime:2.2.5
androidx.savedstate:savedstate-ktx:1.2.1
androidx.savedstate:savedstate:1.2.1
androidx.slidingpanelayout:slidingpanelayout:1.0.0
androidx.sqlite:sqlite-framework:2.1.0
androidx.sqlite:sqlite:2.1.0
androidx.startup:startup-runtime:1.1.1
androidx.swiperefreshlayout:swiperefreshlayout:1.0.0
androidx.tracing:tracing:1.0.0
androidx.versionedparcelable:versionedparcelable:1.1.1
androidx.viewpager:viewpager:1.0.0
androidx.webkit:webkit:1.6.1
androidx.work:work-runtime-ktx:2.7.0
androidx.work:work-runtime:2.7.0
com.android.installreferrer:installreferrer:2.2
com.google.android.gms:play-services-ads-base:22.3.0
com.google.android.gms:play-services-ads-identifier:18.0.1
com.google.android.gms:play-services-ads-lite:22.3.0
com.google.android.gms:play-services-ads:22.3.0
com.google.android.gms:play-services-appset:16.0.2
com.google.android.gms:play-services-base:18.0.1
com.google.android.gms:play-services-basement:18.0.0
com.google.android.gms:play-services-cronet:18.0.1
com.google.android.gms:play-services-measurement-base:20.1.2
com.google.android.gms:play-services-measurement-sdk-api:20.1.2
com.google.android.gms:play-services-tasks:18.0.1
com.google.android.ump:user-messaging-platform:2.1.0
com.google.code.gson:gson:2.8.5
com.google.guava:listenablefuture:1.0
com.google.protobuf:protobuf-javalite:3.21.12
com.google.protobuf:protobuf-kotlin-lite:3.21.12
com.squareup.okhttp3:okhttp:4.6.0
com.squareup.okio:okio:2.6.0
com.unity3d.ads:unity-ads:4.9.2
com.unity3d.mediation:mediation-adapter:1.1.0
com.unity3d.mediation:mediation-logger:1.1.0
com.unity3d.mediation:mediation-sdk:1.1.0
com.unity3d.mediation:unityads-adapter:1.1.0
com.unity3d.services.identifiers:unity-services-identifiers:1.0.0
com.yandex.android:mobmetricalib-core-api:5.2.0
com.yandex.android:mobmetricalib-core-utils:5.2.0
com.yandex.android:mobmetricalib-identifiers:5.2.0
com.yandex.android:mobmetricalib-modules-api:5.2.0
com.yandex.android:mobmetricalib-network-tasks:5.2.0
com.yandex.android:mobmetricalib-network:5.2.0
com.yandex.android:mobmetricalib-proto:5.2.0
com.yandex.android:mobmetricalib:5.2.0
org.chromium.net:cronet-api:72.3626.96
org.jetbrains.kotlin:kotlin-bom:1.8.10
org.jetbrains.kotlin:kotlin-stdlib-common:1.8.10
org.jetbrains.kotlin:kotlin-stdlib-jdk7:1.8.10
org.jetbrains.kotlin:kotlin-stdlib-jdk8:1.8.10
org.jetbrains.kotlin:kotlin-stdlib:1.8.10
org.jetbrains.kotlinx:kotlinx-coroutines-android:1.6.4
org.jetbrains.kotlinx:kotlinx-coroutines-bom:1.6.4
org.jetbrains.kotlinx:kotlinx-coroutines-core-jvm:1.6.4
org.jetbrains.kotlinx:kotlinx-coroutines-core:1.6.4
org.jetbrains:annotations:13.0
